
Microsoft Visual Studio Solution File, Format Version 12.00
# Visual Studio Version 16
VisualStudioVersion = 16.0.31205.134
MinimumVisualStudioVersion = 10.0.40219.1
Project("{FAE04EC0-301F-11D3-BF4B-00C04F79EFBC}") = "FFT_Learn", "FFT_Learn\FFT_Learn.csproj", "{16E04490-E5CA-42C8-999C-A6A261C4819D}"
EndProject
Global
	GlobalSection(SolutionConfigurationPlatforms) = preSolution
		Debug|Any CPU = Debug|Any CPU
		Release|Any CPU = Release|Any CPU
	EndGlobalSection
	GlobalSection(ProjectConfigurationPlatforms) = postSolution
		{16E04490-E5CA-42C8-999C-A6A261C4819D}.Debug|Any CPU.ActiveCfg = Debug|Any CPU
		{16E04490-E5CA-42C8-999C-A6A261C4819D}.Debug|Any CPU.Build.0 = Debug|Any CPU
		{16E04490-E5CA-42C8-999C-A6A261C4819D}.Release|Any CPU.ActiveCfg = Release|Any CPU
		{16E04490-E5CA-42C8-999C-A6A261C4819D}.Release|Any CPU.Build.0 = Release|Any CPU
	EndGlobalSection
	GlobalSection(SolutionProperties) = preSolution
		HideSolutionNode = FALSE
	EndGlobalSection
	GlobalSection(ExtensibilityGlobals) = postSolution
		SolutionGuid = {B71BC051-C1D5-4AD6-800B-DA36409A6C0D}
	EndGlobalSection
EndGlobal
